
Microsoft Visual Studio Solution File, Format Version 12.00
# Visual Studio Version 17
VisualStudioVersion = 17.8.34511.84
MinimumVisualStudioVersion = 10.0.40219.1
Project("{FAE04EC0-301F-11D3-BF4B-00C04F79EFBC}") = "RunGroupWebApp", "RunGroupWebApp\RunGroupWebApp.csproj", "{EA432B34-B67A-4F70-A58F-8336C1355EED}"
EndProject
Global
	GlobalSection(SolutionConfigurationPlatforms) = preSolution
		Debug|Any CPU = Debug|Any CPU
		Release|Any CPU = Release|Any CPU
	EndGlobalSection
	GlobalSection(ProjectConfigurationPlatforms) = postSolution
		{EA432B34-B67A-4F70-A58F-8336C1355EED}.Debug|Any CPU.ActiveCfg = Debug|Any CPU
		{EA432B34-B67A-4F70-A58F-8336C1355EED}.Debug|Any CPU.Build.0 = Debug|Any CPU
		{EA432B34-B67A-4F70-A58F-8336C1355EED}.Release|Any CPU.ActiveCfg = Release|Any CPU
		{EA432B34-B67A-4F70-A58F-8336C1355EED}.Release|Any CPU.Build.0 = Release|Any CPU
	EndGlobalSection
	GlobalSection(SolutionProperties) = preSolution
		HideSolutionNode = FALSE
	EndGlobalSection
	GlobalSection(ExtensibilityGlobals) = postSolution
		SolutionGuid = {2EF48515-0874-4B0F-93EC-8020E18B07AD}
	EndGlobalSection
EndGlobal
